
Microsoft Visual Studio Solution File, Format Version 12.00
# Visual Studio Version 17
VisualStudioVersion = 17.6.33829.357
MinimumVisualStudioVersion = 10.0.40219.1
Project("{FAE04EC0-301F-11D3-BF4B-00C04F79EFBC}") = "HW-01.07.23", "HW-01.07.23\HW-01.07.23.csproj", "{12A31733-45CA-4869-8060-082179109E7F}"
EndProject
Global
	GlobalSection(SolutionConfigurationPlatforms) = preSolution
		Debug|Any CPU = Debug|Any CPU
		Release|Any CPU = Release|Any CPU
	EndGlobalSection
	GlobalSection(ProjectConfigurationPlatforms) = postSolution
		{12A31733-45CA-4869-8060-082179109E7F}.Debug|Any CPU.ActiveCfg = Debug|Any CPU
		{12A31733-45CA-4869-8060-082179109E7F}.Debug|Any CPU.Build.0 = Debug|Any CPU
		{12A31733-45CA-4869-8060-082179109E7F}.Release|Any CPU.ActiveCfg = Release|Any CPU
		{12A31733-45CA-4869-8060-082179109E7F}.Release|Any CPU.Build.0 = Release|Any CPU
	EndGlobalSection
	GlobalSection(SolutionProperties) = preSolution
		HideSolutionNode = FALSE
	EndGlobalSection
	GlobalSection(ExtensibilityGlobals) = postSolution
		SolutionGuid = {0C8CF8F6-D469-4913-9E3D-7E3969615DF7}
	EndGlobalSection
EndGlobal
